
Microsoft Visual Studio Solution File, Format Version 12.00
Project("{FAE04EC0-301F-11D3-BF4B-00C04F79EFBC}") = "Domain", "Domain\Domain.csproj", "{AAF177F5-B38B-4BDC-B1D5-7520D4A4D09F}"
EndProject
Global
	GlobalSection(SolutionConfigurationPlatforms) = preSolution
		Debug|Any CPU = Debug|Any CPU
		Release|Any CPU = Release|Any CPU
	EndGlobalSection
	GlobalSection(ProjectConfigurationPlatforms) = postSolution
		{AAF177F5-B38B-4BDC-B1D5-7520D4A4D09F}.Debug|Any CPU.ActiveCfg = Debug|Any CPU
		{AAF177F5-B38B-4BDC-B1D5-7520D4A4D09F}.Debug|Any CPU.Build.0 = Debug|Any CPU
		{AAF177F5-B38B-4BDC-B1D5-7520D4A4D09F}.Release|Any CPU.ActiveCfg = Release|Any CPU
		{AAF177F5-B38B-4BDC-B1D5-7520D4A4D09F}.Release|Any CPU.Build.0 = Release|Any CPU
	EndGlobalSection
EndGlobal
